version = 1
revision = 2
requires-python = ">=3.13"

[[package]]
name = "catalogue"
version = "2.0.10"
source = { registry = "https://pypi.org/simple" }
sdist = { url = "https://files.pythonhosted.org/packages/38/b4/244d58127e1cdf04cf2dc7d9566f0d24ef01d5ce21811bab088ecc62b5ea/catalogue-2.0.10.tar.gz", hash = "sha256:4f56daa940913d3f09d589c191c74e5a6d51762b3a9e37dd53b7437afd6cda15", size = 19561, upload-time = "2023-09-25T06:29:24.962Z" }
wheels = [
    { url = "https://files.pythonhosted.org/packages/9e/96/d32b941a501ab566a16358d68b6eb4e4acc373fab3c3c4d7d9e649f7b4bb/catalogue-2.0.10-py3-none-any.whl", hash = "sha256:58c2de0020aa90f4a2da7dfad161bf7b3b054c86a5f09fcedc0b2b740c109a9f", size = 17325, upload-time = "2023-09-25T06:29:23.337Z" },
]

[[package]]
name = "closet"
version = "0.1.0"
source = { editable = "." }
dependencies = [
    { name = "polars" },
    { name = "rich" },
    { name = "srsly" },
    { name = "yt-dlp" },
]

[package.metadata]
requires-dist = [
    { name = "polars", specifier = ">=1.32.0" },
    { name = "rich", specifier = ">=13.7.1" },
    { name = "srsly", specifier = ">=2.4.8" },
    { name = "yt-dlp", specifier = ">=2024.7.25" },
]

[[package]]
name = "markdown-it-py"
version = "3.0.0"
source = { registry = "https://pypi.org/simple" }
dependencies = [
    { name = "mdurl" },
]
sdist = { url = "https://files.pythonhosted.org/packages/38/71/3b932df36c1a044d397a1f92d1cf91ee0a503d91e470cbd670aa66b07ed0/markdown-it-py-3.0.0.tar.gz", hash = "sha256:e3f60a94fa066dc52ec76661e37c851cb232d92f9886b15cb560aaada2df8feb", size = 74596, upload-time = "2023-06-03T06:41:14.443Z" }
wheels = [
    { url = "https://files.pythonhosted.org/packages/42/d7/1ec15b46af6af88f19b8e5ffea08fa375d433c998b8a7639e76935c14f1f/markdown_it_py-3.0.0-py3-none-any.whl", hash = "sha256:355216845c60bd96232cd8d8c40e8f9765cc86f46880e43a8fd22dc1a1a8cab1", size = 87528, upload-time = "2023-06-03T06:41:11.019Z" },
]

[[package]]
name = "mdurl"
version = "0.1.2"
source = { registry = "https://pypi.org/simple" }
sdist = { url = "https://files.pythonhosted.org/packages/d6/54/cfe61301667036ec958cb99bd3efefba235e65cdeb9c84d24a8293ba1d90/mdurl-0.1.2.tar.gz", hash = "sha256:bb413d29f5eea38f31dd4754dd7377d4465116fb207585f97bf925588687c1ba", size = 8729, upload-time = "2022-08-14T12:40:10.846Z" }
wheels = [
    { url = "https://files.pythonhosted.org/packages/b3/38/89ba8ad64ae25be8de66a6d463314cf1eb366222074cfda9ee839c56a4b4/mdurl-0.1.2-py3-none-any.whl", hash = "sha256:84008a41e51615a49fc9966191ff91509e3c40b939176e643fd50a5c2196b8f8", size = 9979, upload-time = "2022-08-14T12:40:09.779Z" },
]

[[package]]
name = "polars"
version = "1.32.0"
source = { registry = "https://pypi.org/simple" }
sdist = { url = "https://files.pythonhosted.org/packages/67/23/6a5f151981f3ac409bed6dc48a3eaecd0592a03eb382693d4c7e749eda8b/polars-1.32.0.tar.gz", hash = "sha256:b01045981c0f23eeccfbfc870b782f93e73b74b29212fdfc8aae0be9024bc1fb", size = 4761045, upload-time = "2025-08-01T01:43:22.413Z" }
wheels = [
    { url = "https://files.pythonhosted.org/packages/e2/40/5b27067d10b5a77ab4094932118e16629ffb20ea9ae5f7d1178e04087891/polars-1.32.0-cp39-abi3-macosx_10_12_x86_64.whl", hash = "sha256:94f7c6a3b30bc99bc6b682ea42bb1ae983e33a302ca21aacbac50ae19e34fcf2", size = 37479518, upload-time = "2025-08-01T01:42:18.603Z" },
    { url = "https://files.pythonhosted.org/packages/08/b7/ca28ac10d340fb91bffb2751efd52aebc9799ae161b867214c6299c8f75b/polars-1.32.0-cp39-abi3-macosx_11_0_arm64.whl", hash = "sha256:8bf14c16164839e62c741a863942a94a9a463db21e797452fca996c8afaf8827", size = 34214196, upload-time = "2025-08-01T01:42:22.667Z" },
    { url = "https://files.pythonhosted.org/packages/61/97/fe3797e8e1d4f9eadab32ffe218a841b8874585b6c9bd0f1a26469fb2992/polars-1.32.0-cp39-abi3-manylinux_2_17_x86_64.manylinux2014_x86_64.whl", hash = "sha256:f4c15adb97d44766d30c759f5cebbdb64d361e8349ef10b5afc7413f71bf4b72", size = 37985353, upload-time = "2025-08-01T01:42:26.033Z" },
    { url = "https://files.pythonhosted.org/packages/a0/7e/2baa2858556e970cc6a35c0d8ad34b2f9d982f1766c0a1fec20ca529a947/polars-1.32.0-cp39-abi3-manylinux_2_24_aarch64.whl", hash = "sha256:13af55890734f89b76016a395fb2e7460e7d9feecf50ed2f55cf0f05a1c0c991", size = 35183912, upload-time = "2025-08-01T01:42:30.446Z" },
    { url = "https://files.pythonhosted.org/packages/ef/41/0e6821dccc5871186a9b95af3990404aa283318263918d33ac974b35cb37/polars-1.32.0-cp39-abi3-win_amd64.whl", hash = "sha256:0397fc2501a5d5f1bb3fe8d27e0c26c7a5349b4110157c0fb7833cd3f5921c9e", size = 37747905, upload-time = "2025-08-01T01:42:33.975Z" },
    { url = "https://files.pythonhosted.org/packages/c2/93/d06df0817da93f922a67e27e9e0f407856991374daa62687e2a45a18935c/polars-1.32.0-cp39-abi3-win_arm64.whl", hash = "sha256:dd84e24422509e1ec9be46f67f758d0bd9944d1ae4eacecee4f53adaa8ecd822", size = 33978543, upload-time = "2025-08-01T01:42:36.779Z" },
]

[[package]]
name = "pygments"
version = "2.19.2"
source = { registry = "https://pypi.org/simple" }
sdist = { url = "https://files.pythonhosted.org/packages/b0/77/a5b8c569bf593b0140bde72ea885a803b82086995367bf2037de0159d924/pygments-2.19.2.tar.gz", hash = "sha256:636cb2477cec7f8952536970bc533bc43743542f70392ae026374600add5b887", size = 4968631, upload-time = "2025-06-21T13:39:12.283Z" }
wheels = [
    { url = "https://files.pythonhosted.org/packages/c7/21/705964c7812476f378728bdf590ca4b771ec72385c533964653c68e86bdc/pygments-2.19.2-py3-none-any.whl", hash = "sha256:86540386c03d588bb81d44bc3928634ff26449851e99741617ecb9037ee5ec0b", size = 1225217, upload-time = "2025-06-21T13:39:07.939Z" },
]

[[package]]
name = "rich"
version = "14.1.0"
source = { registry = "https://pypi.org/simple" }
dependencies = [
    { name = "markdown-it-py" },
    { name = "pygments" },
]
sdist = { url = "https://files.pythonhosted.org/packages/fe/75/af448d8e52bf1d8fa6a9d089ca6c07ff4453d86c65c145d0a300bb073b9b/rich-14.1.0.tar.gz", hash = "sha256:e497a48b844b0320d45007cdebfeaeed8db2a4f4bcf49f15e455cfc4af11eaa8", size = 224441, upload-time = "2025-07-25T07:32:58.125Z" }
wheels = [
    { url = "https://files.pythonhosted.org/packages/e3/30/3c4d035596d3cf444529e0b2953ad0466f6049528a879d27534700580395/rich-14.1.0-py3-none-any.whl", hash = "sha256:536f5f1785986d6dbdea3c75205c473f970777b4a0d6c6dd1b696aa05a3fa04f", size = 243368, upload-time = "2025-07-25T07:32:56.73Z" },
]

[[package]]
name = "srsly"
version = "2.5.1"
source = { registry = "https://pypi.org/simple" }
dependencies = [
    { name = "catalogue" },
]
sdist = { url = "https://files.pythonhosted.org/packages/b7/e8/eb51b1349f50bac0222398af0942613fdc9d1453ae67cbe4bf9936a1a54b/srsly-2.5.1.tar.gz", hash = "sha256:ab1b4bf6cf3e29da23dae0493dd1517fb787075206512351421b89b4fc27c77e", size = 466464, upload-time = "2025-01-17T09:26:26.919Z" }
wheels = [
    { url = "https://files.pythonhosted.org/packages/42/94/cab36845aad6e2c22ecee1178accaa365657296ff87305b805648fd41118/srsly-2.5.1-cp313-cp313-macosx_10_13_x86_64.whl", hash = "sha256:84b372f7ef1604b4a5b3cee1571993931f845a5b58652ac01bcb32c52586d2a8", size = 634883, upload-time = "2025-01-17T09:25:58.363Z" },
    { url = "https://files.pythonhosted.org/packages/67/8b/501f51f4eaee7e1fd7327764799cb0a42f5d0de042a97916d30dbff770fc/srsly-2.5.1-cp313-cp313-macosx_11_0_arm64.whl", hash = "sha256:6ac3944c112acb3347a39bfdc2ebfc9e2d4bace20fe1c0b764374ac5b83519f2", size = 632842, upload-time = "2025-01-17T09:25:59.777Z" },
    { url = "https://files.pythonhosted.org/packages/07/be/5b8fce4829661e070a7d3e262d2e533f0e297b11b8993d57240da67d7330/srsly-2.5.1-cp313-cp313-manylinux_2_17_aarch64.manylinux2014_aarch64.whl", hash = "sha256:6118f9c4b221cde0a990d06a42c8a4845218d55b425d8550746fe790acf267e9", size = 1118516, upload-time = "2025-01-17T09:26:01.234Z" },
    { url = "https://files.pythonhosted.org/packages/91/60/a34e97564eac352c0e916c98f44b6f566b7eb6a9fb60bcd60ffa98530762/srsly-2.5.1-cp313-cp313-manylinux_2_17_x86_64.manylinux2014_x86_64.whl", hash = "sha256:7481460110d9986781d9e4ac0f5f991f1d6839284a80ad268625f9a23f686950", size = 1127974, upload-time = "2025-01-17T09:26:04.007Z" },
    { url = "https://files.pythonhosted.org/packages/70/a2/f642334db0cabd187fa86b8773257ee6993c6009338a6831d4804e2c5b3c/srsly-2.5.1-cp313-cp313-musllinux_1_2_aarch64.whl", hash = "sha256:6e57b8138082f09e35db60f99757e16652489e9e3692471d8e0c39aa95180688", size = 1086098, upload-time = "2025-01-17T09:26:05.612Z" },
    { url = "https://files.pythonhosted.org/packages/0d/9b/be48e185c5a010e71b5135e4cdf317ff56b8ac4bc08f394bbf882ac13b05/srsly-2.5.1-cp313-cp313-musllinux_1_2_x86_64.whl", hash = "sha256:bab90b85a63a1fe0bbc74d373c8bb9bb0499ddfa89075e0ebe8d670f12d04691", size = 1100354, upload-time = "2025-01-17T09:26:07.215Z" },
    { url = "https://files.pythonhosted.org/packages/3a/e2/745aeba88a8513017fbac2fd2f9f07b8a36065e51695f818541eb795ec0c/srsly-2.5.1-cp313-cp313-win_amd64.whl", hash = "sha256:e73712be1634b5e1de6f81c273a7d47fe091ad3c79dc779c03d3416a5c117cee", size = 630634, upload-time = "2025-01-17T09:26:10.018Z" },
]

[[package]]
name = "yt-dlp"
version = "2025.7.21"
source = { registry = "https://pypi.org/simple" }
sdist = { url = "https://files.pythonhosted.org/packages/7e/3a/343f7a0024ddd4c30f150e8d8f57fd7b924846f97d99fc0dcd75ea8d2773/yt_dlp-2025.7.21.tar.gz", hash = "sha256:46fbb53eab1afbe184c45b4c17e9a6eba614be680e4c09de58b782629d0d7f43", size = 3050219, upload-time = "2025-07-21T23:59:03.826Z" }
wheels = [
    { url = "https://files.pythonhosted.org/packages/e8/2f/abe59a3204c749fed494849ea29176bcefa186ec8898def9e43f649ddbcf/yt_dlp-2025.7.21-py3-none-any.whl", hash = "sha256:d7aa2b53f9b2f35453346360f41811a0dad1e956e70b35a4ae95039d4d815d15", size = 3288681, upload-time = "2025-07-21T23:59:01.788Z" },
]
